
Microsoft Visual Studio Solution File, Format Version 12.00
# Visual Studio Version 17
VisualStudioVersion = 17.6.33829.357
MinimumVisualStudioVersion = 10.0.40219.1
Project("{FAE04EC0-301F-11D3-BF4B-00C04F79EFBC}") = "Foundation", "Foundation.csproj", "{A09462ED-F76B-4D26-B827-C96292C8C476}"
EndProject
Project("{FAE04EC0-301F-11D3-BF4B-00C04F79EFBC}") = "Attributes", "..\Attributes\Attributes.csproj", "{58A4230D-780B-4082-962B-62ACC7B8B5A6}"
EndProject
Project("{FAE04EC0-301F-11D3-BF4B-00C04F79EFBC}") = "Web", "..\Web\Web.csproj", "{9E0CD9D9-449A-4652-A5CD-261571B037A5}"
EndProject
Project("{FAE04EC0-301F-11D3-BF4B-00C04F79EFBC}") = "Api", "..\Api\Api.csproj", "{4EFA905E-92CD-46CF-B552-BFCC171FE7CD}"
EndProject
Project("{FAE04EC0-301F-11D3-BF4B-00C04F79EFBC}") = "Foundation.Web", "..\Foundation.Web\Foundation.Web.csproj", "{217E0C6B-0D86-45E3-8736-A8E3F69C8CE2}"
EndProject
Project("{FAE04EC0-301F-11D3-BF4B-00C04F79EFBC}") = "Web.Controllers", "..\Web.Controllers\Web.Controllers.csproj", "{4028423D-009F-47D9-AA5B-0C3CA8682BF7}"
EndProject
Project("{FAE04EC0-301F-11D3-BF4B-00C04F79EFBC}") = "Web.Database", "..\Web.Database\Web.Database.csproj", "{A29641AE-A422-4E30-A205-BAF266A78AC2}"
EndProject
Project("{2150E333-8FDC-42A3-9474-1A3956D46DE8}") = "Generators", "Generators", "{D372B017-F110-454A-9FEA-C74FF8A7C0C0}"
EndProject
Project("{FAE04EC0-301F-11D3-BF4B-00C04F79EFBC}") = "Generators.Base", "..\Generators\Generator.Foundation\Generators.Base.csproj", "{795888A6-6612-487F-8C34-BFBCD8FDBC82}"
EndProject
Project("{FAE04EC0-301F-11D3-BF4B-00C04F79EFBC}") = "Controller.Generator", "..\Controller.Generator\Controller.Generator.csproj", "{47E94632-77C4-4152-9D48-A2121C8512D4}"
EndProject
Global
	GlobalSection(SolutionConfigurationPlatforms) = preSolution
		Debug|Any CPU = Debug|Any CPU
		Release|Any CPU = Release|Any CPU
	EndGlobalSection
	GlobalSection(ProjectConfigurationPlatforms) = postSolution
		{A09462ED-F76B-4D26-B827-C96292C8C476}.Debug|Any CPU.ActiveCfg = Debug|Any CPU
		{A09462ED-F76B-4D26-B827-C96292C8C476}.Debug|Any CPU.Build.0 = Debug|Any CPU
		{A09462ED-F76B-4D26-B827-C96292C8C476}.Release|Any CPU.ActiveCfg = Release|Any CPU
		{A09462ED-F76B-4D26-B827-C96292C8C476}.Release|Any CPU.Build.0 = Release|Any CPU
		{58A4230D-780B-4082-962B-62ACC7B8B5A6}.Debug|Any CPU.ActiveCfg = Debug|Any CPU
		{58A4230D-780B-4082-962B-62ACC7B8B5A6}.Debug|Any CPU.Build.0 = Debug|Any CPU
		{58A4230D-780B-4082-962B-62ACC7B8B5A6}.Release|Any CPU.ActiveCfg = Release|Any CPU
		{58A4230D-780B-4082-962B-62ACC7B8B5A6}.Release|Any CPU.Build.0 = Release|Any CPU
		{9E0CD9D9-449A-4652-A5CD-261571B037A5}.Debug|Any CPU.ActiveCfg = Debug|Any CPU
		{9E0CD9D9-449A-4652-A5CD-261571B037A5}.Debug|Any CPU.Build.0 = Debug|Any CPU
		{9E0CD9D9-449A-4652-A5CD-261571B037A5}.Release|Any CPU.ActiveCfg = Release|Any CPU
		{9E0CD9D9-449A-4652-A5CD-261571B037A5}.Release|Any CPU.Build.0 = Release|Any CPU
		{4EFA905E-92CD-46CF-B552-BFCC171FE7CD}.Debug|Any CPU.ActiveCfg = Debug|Any CPU
		{4EFA905E-92CD-46CF-B552-BFCC171FE7CD}.Debug|Any CPU.Build.0 = Debug|Any CPU
		{4EFA905E-92CD-46CF-B552-BFCC171FE7CD}.Release|Any CPU.ActiveCfg = Release|Any CPU
		{4EFA905E-92CD-46CF-B552-BFCC171FE7CD}.Release|Any CPU.Build.0 = Release|Any CPU
		{217E0C6B-0D86-45E3-8736-A8E3F69C8CE2}.Debug|Any CPU.ActiveCfg = Debug|Any CPU
		{217E0C6B-0D86-45E3-8736-A8E3F69C8CE2}.Debug|Any CPU.Build.0 = Debug|Any CPU
		{217E0C6B-0D86-45E3-8736-A8E3F69C8CE2}.Release|Any CPU.ActiveCfg = Release|Any CPU
		{217E0C6B-0D86-45E3-8736-A8E3F69C8CE2}.Release|Any CPU.Build.0 = Release|Any CPU
		{4028423D-009F-47D9-AA5B-0C3CA8682BF7}.Debug|Any CPU.ActiveCfg = Debug|Any CPU
		{4028423D-009F-47D9-AA5B-0C3CA8682BF7}.Debug|Any CPU.Build.0 = Debug|Any CPU
		{4028423D-009F-47D9-AA5B-0C3CA8682BF7}.Release|Any CPU.ActiveCfg = Release|Any CPU
		{4028423D-009F-47D9-AA5B-0C3CA8682BF7}.Release|Any CPU.Build.0 = Release|Any CPU
		{A29641AE-A422-4E30-A205-BAF266A78AC2}.Debug|Any CPU.ActiveCfg = Debug|Any CPU
		{A29641AE-A422-4E30-A205-BAF266A78AC2}.Debug|Any CPU.Build.0 = Debug|Any CPU
		{A29641AE-A422-4E30-A205-BAF266A78AC2}.Release|Any CPU.ActiveCfg = Release|Any CPU
		{A29641AE-A422-4E30-A205-BAF266A78AC2}.Release|Any CPU.Build.0 = Release|Any CPU
		{795888A6-6612-487F-8C34-BFBCD8FDBC82}.Debug|Any CPU.ActiveCfg = Debug|Any CPU
		{795888A6-6612-487F-8C34-BFBCD8FDBC82}.Debug|Any CPU.Build.0 = Debug|Any CPU
		{795888A6-6612-487F-8C34-BFBCD8FDBC82}.Release|Any CPU.ActiveCfg = Release|Any CPU
		{795888A6-6612-487F-8C34-BFBCD8FDBC82}.Release|Any CPU.Build.0 = Release|Any CPU
		{47E94632-77C4-4152-9D48-A2121C8512D4}.Debug|Any CPU.ActiveCfg = Debug|Any CPU
		{47E94632-77C4-4152-9D48-A2121C8512D4}.Debug|Any CPU.Build.0 = Debug|Any CPU
		{47E94632-77C4-4152-9D48-A2121C8512D4}.Release|Any CPU.ActiveCfg = Release|Any CPU
		{47E94632-77C4-4152-9D48-A2121C8512D4}.Release|Any CPU.Build.0 = Release|Any CPU
	EndGlobalSection
	GlobalSection(SolutionProperties) = preSolution
		HideSolutionNode = FALSE
	EndGlobalSection
	GlobalSection(NestedProjects) = preSolution
		{795888A6-6612-487F-8C34-BFBCD8FDBC82} = {D372B017-F110-454A-9FEA-C74FF8A7C0C0}
		{47E94632-77C4-4152-9D48-A2121C8512D4} = {D372B017-F110-454A-9FEA-C74FF8A7C0C0}
	EndGlobalSection
	GlobalSection(ExtensibilityGlobals) = postSolution
		SolutionGuid = {6B6F4C43-18BD-4AF3-BF8A-7B9B871C6F77}
	EndGlobalSection
EndGlobal
