
Microsoft Visual Studio Solution File, Format Version 12.00
# Visual Studio Version 17
VisualStudioVersion = 17.0.31903.59
MinimumVisualStudioVersion = 10.0.40219.1
Project("{9A19103F-16F7-4668-BE54-9A1E7A4F7556}") = "Foundation", "src\Foundation\Foundation.csproj", "{6CFDD3C5-0663-434B-A779-7E84D2C30C26}"
EndProject
Project("{9A19103F-16F7-4668-BE54-9A1E7A4F7556}") = "Attributes", "src\Attributes\Attributes.csproj", "{BC5C1BA1-EE6B-4029-8375-F97E516DB0D0}"
EndProject
Project("{9A19103F-16F7-4668-BE54-9A1E7A4F7556}") = "Foundation.Web", "src\Foundation.Web\Foundation.Web.csproj", "{AC3287A7-1027-4341-A72A-3B05B02A2D72}"
EndProject
Project("{9A19103F-16F7-4668-BE54-9A1E7A4F7556}") = "Generators.Base", "src\Generators\Generators.Base\Generators.Base.csproj", "{BFCFAA2D-FBBA-460A-8FD0-7D880DAE100E}"
EndProject
Project("{9A19103F-16F7-4668-BE54-9A1E7A4F7556}") = "Controller.Generator", "src\Generators\Controller.Generator\Controller.Generator.csproj", "{22967365-109A-4ED9-B0EC-7E2FF877B59B}"
EndProject
Project("{2150E333-8FDC-42A3-9474-1A3956D46DE8}") = "Generators", "Generators", "{9E310F38-A807-4590-A0C6-BB43B74C07ED}"
EndProject
Project("{9A19103F-16F7-4668-BE54-9A1E7A4F7556}") = "Web", "src\Web\Web.csproj", "{3F3E1CDE-369D-48D7-A6A0-9FBA7874B018}"
EndProject
Project("{9A19103F-16F7-4668-BE54-9A1E7A4F7556}") = "Web.Controllers", "src\Web.Controllers\Web.Controllers.csproj", "{184022A3-BC3E-4C06-9433-6687C6223E6E}"
EndProject
Project("{9A19103F-16F7-4668-BE54-9A1E7A4F7556}") = "Web.Database", "src\Web.Database\Web.Database.csproj", "{7762F328-D86C-46B6-8EF1-A4623837AC78}"
EndProject
Project("{9A19103F-16F7-4668-BE54-9A1E7A4F7556}") = "Api", "src\Api\Api.csproj", "{F44F659B-49FF-4BF5-8F07-A06778523D13}"
EndProject
Project("{9A19103F-16F7-4668-BE54-9A1E7A4F7556}") = "Foundation.Crawler", "Foundation.Crawler\Foundation.Crawler.csproj", "{475DD62A-E4F7-41BE-A2D2-323DBE10D14E}"
EndProject
Project("{9A19103F-16F7-4668-BE54-9A1E7A4F7556}") = "Api.Generator", "src\Generators\Api.Generator\Api.Generator.csproj", "{9A559D04-E0A4-45C4-B928-15324F56B22C}"
EndProject
Project("{9A19103F-16F7-4668-BE54-9A1E7A4F7556}") = "Foundation.Api", "src\Foundation.Api\Foundation.Api.csproj", "{ECB70FEB-8BB8-4BDA-B1DC-DD9E4716ED7E}"
EndProject
Project("{9A19103F-16F7-4668-BE54-9A1E7A4F7556}") = "Shared", "src\Shared\Shared.csproj", "{6388C5B9-846C-4AB8-A015-44A71BB16653}"
EndProject
Project("{2150E333-8FDC-42A3-9474-1A3956D46DE8}") = "Maui", "Maui", "{CFE756D2-B40E-412A-9C4D-0FF81EFEB72F}"
EndProject
Project("{9A19103F-16F7-4668-BE54-9A1E7A4F7556}") = "MauiApp1", "src\Maui\MauiApp1\MauiApp1.csproj", "{8FD963AE-F811-45D0-9417-BD9B50587A4C}"
EndProject
Project("{2150E333-8FDC-42A3-9474-1A3956D46DE8}") = "Maui", "Maui", "{0DBD3A20-E729-4AFF-9EBF-8ABD41F7A5AC}"
EndProject
Project("{9A19103F-16F7-4668-BE54-9A1E7A4F7556}") = "Maui.Generator", "src\Maui\Maui.Generator\Maui.Generator.csproj", "{2C0598D9-FB15-4593-AE7F-F0C551405604}"
EndProject
Project("{9A19103F-16F7-4668-BE54-9A1E7A4F7556}") = "MauiAppXamls.Sample", "src\Maui\MauiAppXamls.Sample\MauiAppXamls.Sample.csproj", "{BFD5096E-B553-4F7B-9B62-75575FEAB052}"
EndProject
Project("{9A19103F-16F7-4668-BE54-9A1E7A4F7556}") = "Foundation.Maui", "src\Maui\Foundation.Maui\Foundation.Maui.csproj", "{C04EFE02-8FE0-4141-BEC4-E20F4FDAB1FC}"
EndProject
Project("{2150E333-8FDC-42A3-9474-1A3956D46DE8}") = "WebApi", "WebApi", "{F3051289-022E-4E71-A7A9-D12E08ECC79C}"
EndProject
Global
	GlobalSection(SolutionConfigurationPlatforms) = preSolution
		Debug|Any CPU = Debug|Any CPU
		Release|Any CPU = Release|Any CPU
	EndGlobalSection
	GlobalSection(ProjectConfigurationPlatforms) = postSolution
		{6CFDD3C5-0663-434B-A779-7E84D2C30C26}.Debug|Any CPU.ActiveCfg = Debug|Any CPU
		{6CFDD3C5-0663-434B-A779-7E84D2C30C26}.Debug|Any CPU.Build.0 = Debug|Any CPU
		{6CFDD3C5-0663-434B-A779-7E84D2C30C26}.Release|Any CPU.ActiveCfg = Release|Any CPU
		{6CFDD3C5-0663-434B-A779-7E84D2C30C26}.Release|Any CPU.Build.0 = Release|Any CPU
		{BC5C1BA1-EE6B-4029-8375-F97E516DB0D0}.Debug|Any CPU.ActiveCfg = Debug|Any CPU
		{BC5C1BA1-EE6B-4029-8375-F97E516DB0D0}.Debug|Any CPU.Build.0 = Debug|Any CPU
		{BC5C1BA1-EE6B-4029-8375-F97E516DB0D0}.Release|Any CPU.ActiveCfg = Release|Any CPU
		{BC5C1BA1-EE6B-4029-8375-F97E516DB0D0}.Release|Any CPU.Build.0 = Release|Any CPU
		{AC3287A7-1027-4341-A72A-3B05B02A2D72}.Debug|Any CPU.ActiveCfg = Debug|Any CPU
		{AC3287A7-1027-4341-A72A-3B05B02A2D72}.Debug|Any CPU.Build.0 = Debug|Any CPU
		{AC3287A7-1027-4341-A72A-3B05B02A2D72}.Release|Any CPU.ActiveCfg = Release|Any CPU
		{AC3287A7-1027-4341-A72A-3B05B02A2D72}.Release|Any CPU.Build.0 = Release|Any CPU
		{BFCFAA2D-FBBA-460A-8FD0-7D880DAE100E}.Debug|Any CPU.ActiveCfg = Debug|Any CPU
		{BFCFAA2D-FBBA-460A-8FD0-7D880DAE100E}.Debug|Any CPU.Build.0 = Debug|Any CPU
		{BFCFAA2D-FBBA-460A-8FD0-7D880DAE100E}.Release|Any CPU.ActiveCfg = Release|Any CPU
		{BFCFAA2D-FBBA-460A-8FD0-7D880DAE100E}.Release|Any CPU.Build.0 = Release|Any CPU
		{22967365-109A-4ED9-B0EC-7E2FF877B59B}.Debug|Any CPU.ActiveCfg = Debug|Any CPU
		{22967365-109A-4ED9-B0EC-7E2FF877B59B}.Debug|Any CPU.Build.0 = Debug|Any CPU
		{22967365-109A-4ED9-B0EC-7E2FF877B59B}.Release|Any CPU.ActiveCfg = Release|Any CPU
		{22967365-109A-4ED9-B0EC-7E2FF877B59B}.Release|Any CPU.Build.0 = Release|Any CPU
		{3F3E1CDE-369D-48D7-A6A0-9FBA7874B018}.Debug|Any CPU.ActiveCfg = Debug|Any CPU
		{3F3E1CDE-369D-48D7-A6A0-9FBA7874B018}.Debug|Any CPU.Build.0 = Debug|Any CPU
		{3F3E1CDE-369D-48D7-A6A0-9FBA7874B018}.Release|Any CPU.ActiveCfg = Release|Any CPU
		{3F3E1CDE-369D-48D7-A6A0-9FBA7874B018}.Release|Any CPU.Build.0 = Release|Any CPU
		{184022A3-BC3E-4C06-9433-6687C6223E6E}.Debug|Any CPU.ActiveCfg = Debug|Any CPU
		{184022A3-BC3E-4C06-9433-6687C6223E6E}.Debug|Any CPU.Build.0 = Debug|Any CPU
		{184022A3-BC3E-4C06-9433-6687C6223E6E}.Release|Any CPU.ActiveCfg = Release|Any CPU
		{184022A3-BC3E-4C06-9433-6687C6223E6E}.Release|Any CPU.Build.0 = Release|Any CPU
		{7762F328-D86C-46B6-8EF1-A4623837AC78}.Debug|Any CPU.ActiveCfg = Debug|Any CPU
		{7762F328-D86C-46B6-8EF1-A4623837AC78}.Debug|Any CPU.Build.0 = Debug|Any CPU
		{7762F328-D86C-46B6-8EF1-A4623837AC78}.Release|Any CPU.ActiveCfg = Release|Any CPU
		{7762F328-D86C-46B6-8EF1-A4623837AC78}.Release|Any CPU.Build.0 = Release|Any CPU
		{F44F659B-49FF-4BF5-8F07-A06778523D13}.Debug|Any CPU.ActiveCfg = Debug|Any CPU
		{F44F659B-49FF-4BF5-8F07-A06778523D13}.Debug|Any CPU.Build.0 = Debug|Any CPU
		{F44F659B-49FF-4BF5-8F07-A06778523D13}.Release|Any CPU.ActiveCfg = Release|Any CPU
		{F44F659B-49FF-4BF5-8F07-A06778523D13}.Release|Any CPU.Build.0 = Release|Any CPU
		{475DD62A-E4F7-41BE-A2D2-323DBE10D14E}.Debug|Any CPU.ActiveCfg = Debug|Any CPU
		{475DD62A-E4F7-41BE-A2D2-323DBE10D14E}.Debug|Any CPU.Build.0 = Debug|Any CPU
		{475DD62A-E4F7-41BE-A2D2-323DBE10D14E}.Release|Any CPU.ActiveCfg = Release|Any CPU
		{475DD62A-E4F7-41BE-A2D2-323DBE10D14E}.Release|Any CPU.Build.0 = Release|Any CPU
		{9A559D04-E0A4-45C4-B928-15324F56B22C}.Debug|Any CPU.ActiveCfg = Debug|Any CPU
		{9A559D04-E0A4-45C4-B928-15324F56B22C}.Debug|Any CPU.Build.0 = Debug|Any CPU
		{9A559D04-E0A4-45C4-B928-15324F56B22C}.Release|Any CPU.ActiveCfg = Release|Any CPU
		{9A559D04-E0A4-45C4-B928-15324F56B22C}.Release|Any CPU.Build.0 = Release|Any CPU
		{ECB70FEB-8BB8-4BDA-B1DC-DD9E4716ED7E}.Debug|Any CPU.ActiveCfg = Debug|Any CPU
		{ECB70FEB-8BB8-4BDA-B1DC-DD9E4716ED7E}.Debug|Any CPU.Build.0 = Debug|Any CPU
		{ECB70FEB-8BB8-4BDA-B1DC-DD9E4716ED7E}.Release|Any CPU.ActiveCfg = Release|Any CPU
		{ECB70FEB-8BB8-4BDA-B1DC-DD9E4716ED7E}.Release|Any CPU.Build.0 = Release|Any CPU
		{6388C5B9-846C-4AB8-A015-44A71BB16653}.Debug|Any CPU.ActiveCfg = Debug|Any CPU
		{6388C5B9-846C-4AB8-A015-44A71BB16653}.Debug|Any CPU.Build.0 = Debug|Any CPU
		{6388C5B9-846C-4AB8-A015-44A71BB16653}.Release|Any CPU.ActiveCfg = Release|Any CPU
		{6388C5B9-846C-4AB8-A015-44A71BB16653}.Release|Any CPU.Build.0 = Release|Any CPU
		{8FD963AE-F811-45D0-9417-BD9B50587A4C}.Debug|Any CPU.ActiveCfg = Debug|Any CPU
		{8FD963AE-F811-45D0-9417-BD9B50587A4C}.Debug|Any CPU.Build.0 = Debug|Any CPU
		{8FD963AE-F811-45D0-9417-BD9B50587A4C}.Debug|Any CPU.Deploy.0 = Debug|Any CPU
		{8FD963AE-F811-45D0-9417-BD9B50587A4C}.Release|Any CPU.ActiveCfg = Release|Any CPU
		{8FD963AE-F811-45D0-9417-BD9B50587A4C}.Release|Any CPU.Build.0 = Release|Any CPU
		{8FD963AE-F811-45D0-9417-BD9B50587A4C}.Release|Any CPU.Deploy.0 = Release|Any CPU
		{2C0598D9-FB15-4593-AE7F-F0C551405604}.Debug|Any CPU.ActiveCfg = Debug|Any CPU
		{2C0598D9-FB15-4593-AE7F-F0C551405604}.Debug|Any CPU.Build.0 = Debug|Any CPU
		{2C0598D9-FB15-4593-AE7F-F0C551405604}.Release|Any CPU.ActiveCfg = Release|Any CPU
		{2C0598D9-FB15-4593-AE7F-F0C551405604}.Release|Any CPU.Build.0 = Release|Any CPU
		{BFD5096E-B553-4F7B-9B62-75575FEAB052}.Debug|Any CPU.ActiveCfg = Debug|Any CPU
		{BFD5096E-B553-4F7B-9B62-75575FEAB052}.Debug|Any CPU.Build.0 = Debug|Any CPU
		{BFD5096E-B553-4F7B-9B62-75575FEAB052}.Release|Any CPU.ActiveCfg = Release|Any CPU
		{BFD5096E-B553-4F7B-9B62-75575FEAB052}.Release|Any CPU.Build.0 = Release|Any CPU
		{C04EFE02-8FE0-4141-BEC4-E20F4FDAB1FC}.Debug|Any CPU.ActiveCfg = Debug|Any CPU
		{C04EFE02-8FE0-4141-BEC4-E20F4FDAB1FC}.Debug|Any CPU.Build.0 = Debug|Any CPU
		{C04EFE02-8FE0-4141-BEC4-E20F4FDAB1FC}.Release|Any CPU.ActiveCfg = Release|Any CPU
		{C04EFE02-8FE0-4141-BEC4-E20F4FDAB1FC}.Release|Any CPU.Build.0 = Release|Any CPU
	EndGlobalSection
	GlobalSection(SolutionProperties) = preSolution
		HideSolutionNode = FALSE
	EndGlobalSection
	GlobalSection(NestedProjects) = preSolution
		{BFCFAA2D-FBBA-460A-8FD0-7D880DAE100E} = {9E310F38-A807-4590-A0C6-BB43B74C07ED}
		{22967365-109A-4ED9-B0EC-7E2FF877B59B} = {F3051289-022E-4E71-A7A9-D12E08ECC79C}
		{475DD62A-E4F7-41BE-A2D2-323DBE10D14E} = {9E310F38-A807-4590-A0C6-BB43B74C07ED}
		{9A559D04-E0A4-45C4-B928-15324F56B22C} = {9E310F38-A807-4590-A0C6-BB43B74C07ED}
		{8FD963AE-F811-45D0-9417-BD9B50587A4C} = {CFE756D2-B40E-412A-9C4D-0FF81EFEB72F}
		{0DBD3A20-E729-4AFF-9EBF-8ABD41F7A5AC} = {9E310F38-A807-4590-A0C6-BB43B74C07ED}
		{2C0598D9-FB15-4593-AE7F-F0C551405604} = {0DBD3A20-E729-4AFF-9EBF-8ABD41F7A5AC}
		{BFD5096E-B553-4F7B-9B62-75575FEAB052} = {CFE756D2-B40E-412A-9C4D-0FF81EFEB72F}
		{C04EFE02-8FE0-4141-BEC4-E20F4FDAB1FC} = {0DBD3A20-E729-4AFF-9EBF-8ABD41F7A5AC}
		{F3051289-022E-4E71-A7A9-D12E08ECC79C} = {9E310F38-A807-4590-A0C6-BB43B74C07ED}
	EndGlobalSection
	GlobalSection(ExtensibilityGlobals) = postSolution
		SolutionGuid = {077D68B2-E4F9-47C8-BD23-66121BD01E40}
	EndGlobalSection
EndGlobal
