
Microsoft Visual Studio Solution File, Format Version 12.00
# Visual Studio Version 17
VisualStudioVersion = 17.0.31903.59
MinimumVisualStudioVersion = 10.0.40219.1
Project("{2150E333-8FDC-42A3-9474-1A3956D46DE8}") = "Generators", "Generators", "{9E310F38-A807-4590-A0C6-BB43B74C07ED}"
EndProject
Project("{2150E333-8FDC-42A3-9474-1A3956D46DE8}") = "Maui", "Maui", "{CFE756D2-B40E-412A-9C4D-0FF81EFEB72F}"
EndProject
Project("{2150E333-8FDC-42A3-9474-1A3956D46DE8}") = "Maui", "Maui", "{0DBD3A20-E729-4AFF-9EBF-8ABD41F7A5AC}"
EndProject
Project("{2150E333-8FDC-42A3-9474-1A3956D46DE8}") = "Web", "Web", "{F3051289-022E-4E71-A7A9-D12E08ECC79C}"
EndProject
Project("{2150E333-8FDC-42A3-9474-1A3956D46DE8}") = "Common", "Common", "{A87C58D3-7F29-4FEF-8CCF-A05A10BEE6AC}"
EndProject
Project("{2150E333-8FDC-42A3-9474-1A3956D46DE8}") = "Samples", "Samples", "{4407A70B-2CAB-47A3-810B-AFEB415D1A57}"
EndProject
Project("{2150E333-8FDC-42A3-9474-1A3956D46DE8}") = "Api", "Api", "{E99016E6-A7FE-4AA1-A808-061087629756}"
EndProject
Project("{9A19103F-16F7-4668-BE54-9A1E7A4F7556}") = "Api.Generator", "src\Generators\Api\Api.Generator\Api.Generator.csproj", "{CED1C71F-85BA-4E14-93FE-2F05EE05702F}"
EndProject
Project("{9A19103F-16F7-4668-BE54-9A1E7A4F7556}") = "WebDbContext.Generator", "src\Generators\Web\WebDbContext.Generator\WebDbContext.Generator.csproj", "{C5BEEDAB-FC42-472D-9251-20784666C479}"
EndProject
Project("{9A19103F-16F7-4668-BE54-9A1E7A4F7556}") = "WebManager.Generator", "src\Generators\Web\WebManager.Generator\WebManager.Generator.csproj", "{689C6876-D7F8-41FB-AA5E-A4DE039BF804}"
EndProject
Project("{9A19103F-16F7-4668-BE54-9A1E7A4F7556}") = "WebRepositories.Generator", "src\Generators\Web\WebRepositories.Generator\WebRepositories.Generator.csproj", "{825E51FA-B7C2-4D32-84CF-52E45318449B}"
EndProject
Project("{9A19103F-16F7-4668-BE54-9A1E7A4F7556}") = "Foundation", "src\Common\Foundation\Foundation.csproj", "{AA67A56F-D2DF-4901-A26F-2361859B0211}"
EndProject
Project("{9A19103F-16F7-4668-BE54-9A1E7A4F7556}") = "Shared", "src\Common\Shared\Shared.csproj", "{5E05B2B5-8681-44FC-9E81-2B8B8907427D}"
EndProject
Project("{2150E333-8FDC-42A3-9474-1A3956D46DE8}") = "Base", "Base", "{BDD623F4-00B9-400C-BB81-416FD6DEFD7B}"
EndProject
Project("{9A19103F-16F7-4668-BE54-9A1E7A4F7556}") = "WebGenerator.Base", "src\Generators\Web\WebGenerator.Base\WebGenerator.Base.csproj", "{8201538C-37E4-4D06-BD0A-BA7792B68607}"
EndProject
Project("{9A19103F-16F7-4668-BE54-9A1E7A4F7556}") = "WebRepositories.Contract.Generator", "src\Generators\Web\WebRepositories.Contract.Generator\WebRepositories.Contract.Generator.csproj", "{7B4D2F18-FCE7-476B-9ED0-58E455D6BD55}"
EndProject
Project("{9A19103F-16F7-4668-BE54-9A1E7A4F7556}") = "WebManager.Contract.Generator", "src\Generators\Web\WebManager.Contract.Generator\WebManager.Contract.Generator.csproj", "{530433CA-B91D-4BEB-809C-C017CC1688B9}"
EndProject
Project("{9A19103F-16F7-4668-BE54-9A1E7A4F7556}") = "WebAutoMapperProfile.Generator", "src\Generators\Web\WebAutoMapperProfile.Generator\WebAutoMapperProfile.Generator.csproj", "{9F0362C9-348E-4527-9983-CB692F4B5483}"
EndProject
Project("{2150E333-8FDC-42A3-9474-1A3956D46DE8}") = "Submodules", "Submodules", "{7D9DEFC2-E5EE-46FC-B2E4-A8BDEAA13955}"
EndProject
Project("{9A19103F-16F7-4668-BE54-9A1E7A4F7556}") = "Codelisk.NugetPublish", "src\Submodules\Codelisk.NugetPublish\build\Codelisk.NugetPublish.csproj", "{C68230B5-37A6-4CF0-8BBA-F1A84303C3BC}"
EndProject
Project("{9A19103F-16F7-4668-BE54-9A1E7A4F7556}") = "Codelisk.AutoRegisterInject.Generator", "src\Submodules\AutoRegisterInject\src\AutoRegisterInject\Codelisk.AutoRegisterInject.Generator.csproj", "{07025339-FF24-4F4A-8D4E-83A8F5722134}"
EndProject
Project("{2150E333-8FDC-42A3-9474-1A3956D46DE8}") = "AutoFilterer", "AutoFilterer", "{5FCC8998-A9B4-4B09-9F23-A50E797FCC0F}"
EndProject
Project("{9A19103F-16F7-4668-BE54-9A1E7A4F7556}") = "AutoFilterer.Dynamics", "src\Submodules\AutoFilterer\src\AutoFilterer.Dynamics\AutoFilterer.Dynamics.csproj", "{6F8B8F6A-07F1-4D6D-BCE8-2C80B61B6053}"
EndProject
Project("{9A19103F-16F7-4668-BE54-9A1E7A4F7556}") = "Codelisk.AutoFilterer.Generators", "src\Submodules\AutoFilterer\src\AutoFilterer.Generators\Codelisk.AutoFilterer.Generators.csproj", "{7AFA65BD-AE5C-41D9-AFCC-E95F58D5C8D4}"
EndProject
Project("{9A19103F-16F7-4668-BE54-9A1E7A4F7556}") = "AutoFilterer.Swagger", "src\Submodules\AutoFilterer\src\AutoFilterer.Swagger\AutoFilterer.Swagger.csproj", "{B3B0F82B-40D9-4460-812A-C09EE7206B0C}"
EndProject
Project("{9A19103F-16F7-4668-BE54-9A1E7A4F7556}") = "Codelisk.AutoFilterer", "src\Submodules\AutoFilterer\src\AutoFilterer\Codelisk.AutoFilterer.csproj", "{8802D23D-469C-4C23-AF07-778AB55BB7A5}"
EndProject
Project("{9A19103F-16F7-4668-BE54-9A1E7A4F7556}") = "Codelisk.GeneratorAttributes", "src\Common\Codelisk.GeneratorAttributes\Codelisk.GeneratorAttributes.csproj", "{F93D38DD-C45A-47F0-9F9E-A8C84F7117F0}"
EndProject
Project("{2150E333-8FDC-42A3-9474-1A3956D46DE8}") = "GeneratorHelper", "GeneratorHelper", "{0F721182-9BE8-464F-8C03-E08FDD165F56}"
EndProject
Project("{9A19103F-16F7-4668-BE54-9A1E7A4F7556}") = "Foundation.Crawler", "src\GeneratorHelper\Foundation.Crawler\Foundation.Crawler.csproj", "{3BC62A65-B38C-4C92-A205-251FF58F9E74}"
EndProject
Project("{9A19103F-16F7-4668-BE54-9A1E7A4F7556}") = "Generators.Base", "src\GeneratorHelper\Generators.Base\Generators.Base.csproj", "{A182F743-B52E-4323-B9C2-69B84EC7208B}"
EndProject
Project("{9A19103F-16F7-4668-BE54-9A1E7A4F7556}") = "Codelisk.Controller.Generator", "src\Generators\Web\Codelisk.Controller.Generator\Codelisk.Controller.Generator.csproj", "{83214749-667B-4EA5-B1A9-CE6B763F6D87}"
EndProject
Project("{9A19103F-16F7-4668-BE54-9A1E7A4F7556}") = "Codelisk.Api.RefitApis.Generator", "src\Generators\Api\Codelisk.Api.RefitApis.Generator\Codelisk.Api.RefitApis.Generator.csproj", "{47EAFC9A-208F-43FA-BB5C-C8666448214B}"
EndProject
Global
	GlobalSection(SolutionConfigurationPlatforms) = preSolution
		Debug|Any CPU = Debug|Any CPU
		Release|Any CPU = Release|Any CPU
	EndGlobalSection
	GlobalSection(ProjectConfigurationPlatforms) = postSolution
		{CED1C71F-85BA-4E14-93FE-2F05EE05702F}.Debug|Any CPU.ActiveCfg = Debug|Any CPU
		{CED1C71F-85BA-4E14-93FE-2F05EE05702F}.Debug|Any CPU.Build.0 = Debug|Any CPU
		{CED1C71F-85BA-4E14-93FE-2F05EE05702F}.Release|Any CPU.ActiveCfg = Release|Any CPU
		{CED1C71F-85BA-4E14-93FE-2F05EE05702F}.Release|Any CPU.Build.0 = Release|Any CPU
		{C5BEEDAB-FC42-472D-9251-20784666C479}.Debug|Any CPU.ActiveCfg = Debug|Any CPU
		{C5BEEDAB-FC42-472D-9251-20784666C479}.Debug|Any CPU.Build.0 = Debug|Any CPU
		{C5BEEDAB-FC42-472D-9251-20784666C479}.Release|Any CPU.ActiveCfg = Release|Any CPU
		{C5BEEDAB-FC42-472D-9251-20784666C479}.Release|Any CPU.Build.0 = Release|Any CPU
		{689C6876-D7F8-41FB-AA5E-A4DE039BF804}.Debug|Any CPU.ActiveCfg = Debug|Any CPU
		{689C6876-D7F8-41FB-AA5E-A4DE039BF804}.Debug|Any CPU.Build.0 = Debug|Any CPU
		{689C6876-D7F8-41FB-AA5E-A4DE039BF804}.Release|Any CPU.ActiveCfg = Release|Any CPU
		{689C6876-D7F8-41FB-AA5E-A4DE039BF804}.Release|Any CPU.Build.0 = Release|Any CPU
		{825E51FA-B7C2-4D32-84CF-52E45318449B}.Debug|Any CPU.ActiveCfg = Debug|Any CPU
		{825E51FA-B7C2-4D32-84CF-52E45318449B}.Debug|Any CPU.Build.0 = Debug|Any CPU
		{825E51FA-B7C2-4D32-84CF-52E45318449B}.Release|Any CPU.ActiveCfg = Release|Any CPU
		{825E51FA-B7C2-4D32-84CF-52E45318449B}.Release|Any CPU.Build.0 = Release|Any CPU
		{AA67A56F-D2DF-4901-A26F-2361859B0211}.Debug|Any CPU.ActiveCfg = Debug|Any CPU
		{AA67A56F-D2DF-4901-A26F-2361859B0211}.Debug|Any CPU.Build.0 = Debug|Any CPU
		{AA67A56F-D2DF-4901-A26F-2361859B0211}.Release|Any CPU.ActiveCfg = Release|Any CPU
		{AA67A56F-D2DF-4901-A26F-2361859B0211}.Release|Any CPU.Build.0 = Release|Any CPU
		{5E05B2B5-8681-44FC-9E81-2B8B8907427D}.Debug|Any CPU.ActiveCfg = Debug|Any CPU
		{5E05B2B5-8681-44FC-9E81-2B8B8907427D}.Debug|Any CPU.Build.0 = Debug|Any CPU
		{5E05B2B5-8681-44FC-9E81-2B8B8907427D}.Release|Any CPU.ActiveCfg = Release|Any CPU
		{5E05B2B5-8681-44FC-9E81-2B8B8907427D}.Release|Any CPU.Build.0 = Release|Any CPU
		{8201538C-37E4-4D06-BD0A-BA7792B68607}.Debug|Any CPU.ActiveCfg = Debug|Any CPU
		{8201538C-37E4-4D06-BD0A-BA7792B68607}.Debug|Any CPU.Build.0 = Debug|Any CPU
		{8201538C-37E4-4D06-BD0A-BA7792B68607}.Release|Any CPU.ActiveCfg = Release|Any CPU
		{8201538C-37E4-4D06-BD0A-BA7792B68607}.Release|Any CPU.Build.0 = Release|Any CPU
		{7B4D2F18-FCE7-476B-9ED0-58E455D6BD55}.Debug|Any CPU.ActiveCfg = Debug|Any CPU
		{7B4D2F18-FCE7-476B-9ED0-58E455D6BD55}.Debug|Any CPU.Build.0 = Debug|Any CPU
		{7B4D2F18-FCE7-476B-9ED0-58E455D6BD55}.Release|Any CPU.ActiveCfg = Release|Any CPU
		{7B4D2F18-FCE7-476B-9ED0-58E455D6BD55}.Release|Any CPU.Build.0 = Release|Any CPU
		{530433CA-B91D-4BEB-809C-C017CC1688B9}.Debug|Any CPU.ActiveCfg = Debug|Any CPU
		{530433CA-B91D-4BEB-809C-C017CC1688B9}.Debug|Any CPU.Build.0 = Debug|Any CPU
		{530433CA-B91D-4BEB-809C-C017CC1688B9}.Release|Any CPU.ActiveCfg = Release|Any CPU
		{530433CA-B91D-4BEB-809C-C017CC1688B9}.Release|Any CPU.Build.0 = Release|Any CPU
		{9F0362C9-348E-4527-9983-CB692F4B5483}.Debug|Any CPU.ActiveCfg = Debug|Any CPU
		{9F0362C9-348E-4527-9983-CB692F4B5483}.Debug|Any CPU.Build.0 = Debug|Any CPU
		{9F0362C9-348E-4527-9983-CB692F4B5483}.Release|Any CPU.ActiveCfg = Release|Any CPU
		{9F0362C9-348E-4527-9983-CB692F4B5483}.Release|Any CPU.Build.0 = Release|Any CPU
		{C68230B5-37A6-4CF0-8BBA-F1A84303C3BC}.Debug|Any CPU.ActiveCfg = Debug|Any CPU
		{C68230B5-37A6-4CF0-8BBA-F1A84303C3BC}.Debug|Any CPU.Build.0 = Debug|Any CPU
		{C68230B5-37A6-4CF0-8BBA-F1A84303C3BC}.Release|Any CPU.ActiveCfg = Release|Any CPU
		{C68230B5-37A6-4CF0-8BBA-F1A84303C3BC}.Release|Any CPU.Build.0 = Release|Any CPU
		{07025339-FF24-4F4A-8D4E-83A8F5722134}.Debug|Any CPU.ActiveCfg = Debug|Any CPU
		{07025339-FF24-4F4A-8D4E-83A8F5722134}.Debug|Any CPU.Build.0 = Debug|Any CPU
		{07025339-FF24-4F4A-8D4E-83A8F5722134}.Release|Any CPU.ActiveCfg = Release|Any CPU
		{07025339-FF24-4F4A-8D4E-83A8F5722134}.Release|Any CPU.Build.0 = Release|Any CPU
		{6F8B8F6A-07F1-4D6D-BCE8-2C80B61B6053}.Debug|Any CPU.ActiveCfg = Debug|Any CPU
		{6F8B8F6A-07F1-4D6D-BCE8-2C80B61B6053}.Debug|Any CPU.Build.0 = Debug|Any CPU
		{6F8B8F6A-07F1-4D6D-BCE8-2C80B61B6053}.Release|Any CPU.ActiveCfg = Release|Any CPU
		{6F8B8F6A-07F1-4D6D-BCE8-2C80B61B6053}.Release|Any CPU.Build.0 = Release|Any CPU
		{7AFA65BD-AE5C-41D9-AFCC-E95F58D5C8D4}.Debug|Any CPU.ActiveCfg = Debug|Any CPU
		{7AFA65BD-AE5C-41D9-AFCC-E95F58D5C8D4}.Debug|Any CPU.Build.0 = Debug|Any CPU
		{7AFA65BD-AE5C-41D9-AFCC-E95F58D5C8D4}.Release|Any CPU.ActiveCfg = Release|Any CPU
		{7AFA65BD-AE5C-41D9-AFCC-E95F58D5C8D4}.Release|Any CPU.Build.0 = Release|Any CPU
		{B3B0F82B-40D9-4460-812A-C09EE7206B0C}.Debug|Any CPU.ActiveCfg = Debug|Any CPU
		{B3B0F82B-40D9-4460-812A-C09EE7206B0C}.Debug|Any CPU.Build.0 = Debug|Any CPU
		{B3B0F82B-40D9-4460-812A-C09EE7206B0C}.Release|Any CPU.ActiveCfg = Release|Any CPU
		{B3B0F82B-40D9-4460-812A-C09EE7206B0C}.Release|Any CPU.Build.0 = Release|Any CPU
		{8802D23D-469C-4C23-AF07-778AB55BB7A5}.Debug|Any CPU.ActiveCfg = Debug|Any CPU
		{8802D23D-469C-4C23-AF07-778AB55BB7A5}.Debug|Any CPU.Build.0 = Debug|Any CPU
		{8802D23D-469C-4C23-AF07-778AB55BB7A5}.Release|Any CPU.ActiveCfg = Release|Any CPU
		{8802D23D-469C-4C23-AF07-778AB55BB7A5}.Release|Any CPU.Build.0 = Release|Any CPU
		{F93D38DD-C45A-47F0-9F9E-A8C84F7117F0}.Debug|Any CPU.ActiveCfg = Debug|Any CPU
		{F93D38DD-C45A-47F0-9F9E-A8C84F7117F0}.Debug|Any CPU.Build.0 = Debug|Any CPU
		{F93D38DD-C45A-47F0-9F9E-A8C84F7117F0}.Release|Any CPU.ActiveCfg = Release|Any CPU
		{F93D38DD-C45A-47F0-9F9E-A8C84F7117F0}.Release|Any CPU.Build.0 = Release|Any CPU
		{3BC62A65-B38C-4C92-A205-251FF58F9E74}.Debug|Any CPU.ActiveCfg = Debug|Any CPU
		{3BC62A65-B38C-4C92-A205-251FF58F9E74}.Debug|Any CPU.Build.0 = Debug|Any CPU
		{3BC62A65-B38C-4C92-A205-251FF58F9E74}.Release|Any CPU.ActiveCfg = Release|Any CPU
		{3BC62A65-B38C-4C92-A205-251FF58F9E74}.Release|Any CPU.Build.0 = Release|Any CPU
		{A182F743-B52E-4323-B9C2-69B84EC7208B}.Debug|Any CPU.ActiveCfg = Debug|Any CPU
		{A182F743-B52E-4323-B9C2-69B84EC7208B}.Debug|Any CPU.Build.0 = Debug|Any CPU
		{A182F743-B52E-4323-B9C2-69B84EC7208B}.Release|Any CPU.ActiveCfg = Release|Any CPU
		{A182F743-B52E-4323-B9C2-69B84EC7208B}.Release|Any CPU.Build.0 = Release|Any CPU
		{83214749-667B-4EA5-B1A9-CE6B763F6D87}.Debug|Any CPU.ActiveCfg = Debug|Any CPU
		{83214749-667B-4EA5-B1A9-CE6B763F6D87}.Debug|Any CPU.Build.0 = Debug|Any CPU
		{83214749-667B-4EA5-B1A9-CE6B763F6D87}.Release|Any CPU.ActiveCfg = Release|Any CPU
		{83214749-667B-4EA5-B1A9-CE6B763F6D87}.Release|Any CPU.Build.0 = Release|Any CPU
		{47EAFC9A-208F-43FA-BB5C-C8666448214B}.Debug|Any CPU.ActiveCfg = Debug|Any CPU
		{47EAFC9A-208F-43FA-BB5C-C8666448214B}.Debug|Any CPU.Build.0 = Debug|Any CPU
		{47EAFC9A-208F-43FA-BB5C-C8666448214B}.Release|Any CPU.ActiveCfg = Release|Any CPU
		{47EAFC9A-208F-43FA-BB5C-C8666448214B}.Release|Any CPU.Build.0 = Release|Any CPU
	EndGlobalSection
	GlobalSection(SolutionProperties) = preSolution
		HideSolutionNode = FALSE
	EndGlobalSection
	GlobalSection(NestedProjects) = preSolution
		{0DBD3A20-E729-4AFF-9EBF-8ABD41F7A5AC} = {9E310F38-A807-4590-A0C6-BB43B74C07ED}
		{F3051289-022E-4E71-A7A9-D12E08ECC79C} = {9E310F38-A807-4590-A0C6-BB43B74C07ED}
		{E99016E6-A7FE-4AA1-A808-061087629756} = {9E310F38-A807-4590-A0C6-BB43B74C07ED}
		{CED1C71F-85BA-4E14-93FE-2F05EE05702F} = {E99016E6-A7FE-4AA1-A808-061087629756}
		{C5BEEDAB-FC42-472D-9251-20784666C479} = {F3051289-022E-4E71-A7A9-D12E08ECC79C}
		{689C6876-D7F8-41FB-AA5E-A4DE039BF804} = {F3051289-022E-4E71-A7A9-D12E08ECC79C}
		{825E51FA-B7C2-4D32-84CF-52E45318449B} = {F3051289-022E-4E71-A7A9-D12E08ECC79C}
		{AA67A56F-D2DF-4901-A26F-2361859B0211} = {A87C58D3-7F29-4FEF-8CCF-A05A10BEE6AC}
		{5E05B2B5-8681-44FC-9E81-2B8B8907427D} = {A87C58D3-7F29-4FEF-8CCF-A05A10BEE6AC}
		{BDD623F4-00B9-400C-BB81-416FD6DEFD7B} = {F3051289-022E-4E71-A7A9-D12E08ECC79C}
		{8201538C-37E4-4D06-BD0A-BA7792B68607} = {BDD623F4-00B9-400C-BB81-416FD6DEFD7B}
		{7B4D2F18-FCE7-476B-9ED0-58E455D6BD55} = {F3051289-022E-4E71-A7A9-D12E08ECC79C}
		{530433CA-B91D-4BEB-809C-C017CC1688B9} = {F3051289-022E-4E71-A7A9-D12E08ECC79C}
		{9F0362C9-348E-4527-9983-CB692F4B5483} = {F3051289-022E-4E71-A7A9-D12E08ECC79C}
		{C68230B5-37A6-4CF0-8BBA-F1A84303C3BC} = {7D9DEFC2-E5EE-46FC-B2E4-A8BDEAA13955}
		{07025339-FF24-4F4A-8D4E-83A8F5722134} = {7D9DEFC2-E5EE-46FC-B2E4-A8BDEAA13955}
		{5FCC8998-A9B4-4B09-9F23-A50E797FCC0F} = {7D9DEFC2-E5EE-46FC-B2E4-A8BDEAA13955}
		{6F8B8F6A-07F1-4D6D-BCE8-2C80B61B6053} = {5FCC8998-A9B4-4B09-9F23-A50E797FCC0F}
		{7AFA65BD-AE5C-41D9-AFCC-E95F58D5C8D4} = {5FCC8998-A9B4-4B09-9F23-A50E797FCC0F}
		{B3B0F82B-40D9-4460-812A-C09EE7206B0C} = {5FCC8998-A9B4-4B09-9F23-A50E797FCC0F}
		{8802D23D-469C-4C23-AF07-778AB55BB7A5} = {5FCC8998-A9B4-4B09-9F23-A50E797FCC0F}
		{F93D38DD-C45A-47F0-9F9E-A8C84F7117F0} = {A87C58D3-7F29-4FEF-8CCF-A05A10BEE6AC}
		{3BC62A65-B38C-4C92-A205-251FF58F9E74} = {0F721182-9BE8-464F-8C03-E08FDD165F56}
		{A182F743-B52E-4323-B9C2-69B84EC7208B} = {0F721182-9BE8-464F-8C03-E08FDD165F56}
		{83214749-667B-4EA5-B1A9-CE6B763F6D87} = {F3051289-022E-4E71-A7A9-D12E08ECC79C}
		{47EAFC9A-208F-43FA-BB5C-C8666448214B} = {E99016E6-A7FE-4AA1-A808-061087629756}
	EndGlobalSection
	GlobalSection(ExtensibilityGlobals) = postSolution
		SolutionGuid = {077D68B2-E4F9-47C8-BD23-66121BD01E40}
	EndGlobalSection
EndGlobal
